
Microsoft Visual Studio Solution File, Format Version 12.00
# Visual Studio Version 17
VisualStudioVersion = 17.9.34728.123
MinimumVisualStudioVersion = 10.0.40219.1
Project("{FAE04EC0-301F-11D3-BF4B-00C04F79EFBC}") = "pharmacyManagement_MedicineGhor", "pharmacyManagement_MedicineGhor\pharmacyManagement_MedicineGhor.csproj", "{D6451DCB-9114-4AE6-BE46-4C89C17D5867}"
EndProject
Global
	GlobalSection(SolutionConfigurationPlatforms) = preSolution
		Debug|Any CPU = Debug|Any CPU
		Release|Any CPU = Release|Any CPU
	EndGlobalSection
	GlobalSection(ProjectConfigurationPlatforms) = postSolution
		{D6451DCB-9114-4AE6-BE46-4C89C17D5867}.Debug|Any CPU.ActiveCfg = Debug|Any CPU
		{D6451DCB-9114-4AE6-BE46-4C89C17D5867}.Debug|Any CPU.Build.0 = Debug|Any CPU
		{D6451DCB-9114-4AE6-BE46-4C89C17D5867}.Release|Any CPU.ActiveCfg = Release|Any CPU
		{D6451DCB-9114-4AE6-BE46-4C89C17D5867}.Release|Any CPU.Build.0 = Release|Any CPU
	EndGlobalSection
	GlobalSection(SolutionProperties) = preSolution
		HideSolutionNode = FALSE
	EndGlobalSection
	GlobalSection(ExtensibilityGlobals) = postSolution
		SolutionGuid = {66FBE1AB-D753-4A77-B929-3E10B8DCBDD1}
	EndGlobalSection
EndGlobal
